// !$*UTF8*$!
{
	archiveVersion = 1;
	classes = {
	};
	objectVersion = 51;
	objects = {

/* Begin PBXBuildFile section */
		384BD5B7B312A0B162A6C728 /* Pods_UOLTest.framework in Frameworks */ = {isa = PBXBuildFile; fileRef = CED42B6EE076E811D309186C /* Pods_UOLTest.framework */; };
		C2263421F4301EF1C19AC358 /* Pods_UOLTestTests.framework in Frameworks */ = {isa = PBXBuildFile; fileRef = 271EB42940E90C1F66A3FA69 /* Pods_UOLTestTests.framework */; };
		C6EAD4F923D6D41200DCB300 /* AppDelegate.swift in Sources */ = {isa = PBXBuildFile; fileRef = C6EAD4F823D6D41200DCB300 /* AppDelegate.swift */; };
		C6EAD4FB23D6D41200DCB300 /* SceneDelegate.swift in Sources */ = {isa = PBXBuildFile; fileRef = C6EAD4FA23D6D41200DCB300 /* SceneDelegate.swift */; };
		C6EAD4FD23D6D41200DCB300 /* ViewController.swift in Sources */ = {isa = PBXBuildFile; fileRef = C6EAD4FC23D6D41200DCB300 /* ViewController.swift */; };
		C6EAD50023D6D41200DCB300 /* Main.storyboard in Resources */ = {isa = PBXBuildFile; fileRef = C6EAD4FE23D6D41200DCB300 /* Main.storyboard */; };
		C6EAD50223D6D42D00DCB300 /* Assets.xcassets in Resources */ = {isa = PBXBuildFile; fileRef = C6EAD50123D6D42D00DCB300 /* Assets.xcassets */; };
		C6EAD50523D6D42D00DCB300 /* LaunchScreen.storyboard in Resources */ = {isa = PBXBuildFile; fileRef = C6EAD50323D6D42D00DCB300 /* LaunchScreen.storyboard */; };
		C6EAD51023D6D42D00DCB300 /* UOLTestTests.swift in Sources */ = {isa = PBXBuildFile; fileRef = C6EAD50F23D6D42D00DCB300 /* UOLTestTests.swift */; };
		C6EAD51B23D6D42D00DCB300 /* UOLTestUITests.swift in Sources */ = {isa = PBXBuildFile; fileRef = C6EAD51A23D6D42D00DCB300 /* UOLTestUITests.swift */; };
		C6EAD52A23D6EBFD00DCB300 /* Beers.swift in Sources */ = {isa = PBXBuildFile; fileRef = C6EAD52923D6EBFD00DCB300 /* Beers.swift */; };
		C6EAD52D23D6F60C00DCB300 /* APIConfiguration.swift in Sources */ = {isa = PBXBuildFile; fileRef = C6EAD52C23D6F60C00DCB300 /* APIConfiguration.swift */; };
		C6EAD53023D6F65300DCB300 /* Beersendpoint.swift in Sources */ = {isa = PBXBuildFile; fileRef = C6EAD52F23D6F65300DCB300 /* Beersendpoint.swift */; };
		C6EAD53223D6F73800DCB300 /* Constants.swift in Sources */ = {isa = PBXBuildFile; fileRef = C6EAD53123D6F73800DCB300 /* Constants.swift */; };
		C6EAD53523D6FF5A00DCB300 /* Beersclient.swift in Sources */ = {isa = PBXBuildFile; fileRef = C6EAD53423D6FF5A00DCB300 /* Beersclient.swift */; };
		D6A6395F47BD379FB8B00CD9 /* Pods_UOLTest_UOLTestUITests.framework in Frameworks */ = {isa = PBXBuildFile; fileRef = C805BA93FD4DC0D8CF211E11 /* Pods_UOLTest_UOLTestUITests.framework */; };
/* End PBXBuildFile section */

/* Begin PBXContainerItemProxy section */
		C6EAD50C23D6D42D00DCB300 /* PBXContainerItemProxy */ = {
			isa = PBXContainerItemProxy;
			containerPortal = C6EAD4ED23D6D41200DCB300 /* Project object */;
			proxyType = 1;
			remoteGlobalIDString = C6EAD4F423D6D41200DCB300;
			remoteInfo = UOLTest;
		};
		C6EAD51723D6D42D00DCB300 /* PBXContainerItemProxy */ = {
			isa = PBXContainerItemProxy;
			containerPortal = C6EAD4ED23D6D41200DCB300 /* Project object */;
			proxyType = 1;
			remoteGlobalIDString = C6EAD4F423D6D41200DCB300;
			remoteInfo = UOLTest;
		};
/* End PBXContainerItemProxy section */

/* Begin PBXFileReference section */
		0F32E8DA4045B8C9433BAD8F /* Pods-UOLTest.debug.xcconfig */ = {isa = PBXFileReference; includeInIndex = 1; lastKnownFileType = text.xcconfig; name = "Pods-UOLTest.debug.xcconfig"; path = "Target Support Files/Pods-UOLTest/Pods-UOLTest.debug.xcconfig"; sourceTree = "<group>"; };
		2202CB8807933033CAA2BCDE /* Pods-UOLTestTests.release.xcconfig */ = {isa = PBXFileReference; includeInIndex = 1; lastKnownFileType = text.xcconfig; name = "Pods-UOLTestTests.release.xcconfig"; path = "Target Support Files/Pods-UOLTestTests/Pods-UOLTestTests.release.xcconfig"; sourceTree = "<group>"; };
		271EB42940E90C1F66A3FA69 /* Pods_UOLTestTests.framework */ = {isa = PBXFileReference; explicitFileType = wrapper.framework; includeInIndex = 0; path = Pods_UOLTestTests.framework; sourceTree = BUILT_PRODUCTS_DIR; };
		A40BDE473AC562E1556564DB /* Pods-UOLTest.release.xcconfig */ = {isa = PBXFileReference; includeInIndex = 1; lastKnownFileType = text.xcconfig; name = "Pods-UOLTest.release.xcconfig"; path = "Target Support Files/Pods-UOLTest/Pods-UOLTest.release.xcconfig"; sourceTree = "<group>"; };
		B21D124858C7F87870A04122 /* Pods-UOLTest-UOLTestUITests.release.xcconfig */ = {isa = PBXFileReference; includeInIndex = 1; lastKnownFileType = text.xcconfig; name = "Pods-UOLTest-UOLTestUITests.release.xcconfig"; path = "Target Support Files/Pods-UOLTest-UOLTestUITests/Pods-UOLTest-UOLTestUITests.release.xcconfig"; sourceTree = "<group>"; };
		C6EAD4F523D6D41200DCB300 /* UOLTest.app */ = {isa = PBXFileReference; explicitFileType = wrapper.application; includeInIndex = 0; path = UOLTest.app; sourceTree = BUILT_PRODUCTS_DIR; };
		C6EAD4F823D6D41200DCB300 /* AppDelegate.swift */ = {isa = PBXFileReference; lastKnownFileType = sourcecode.swift; path = AppDelegate.swift; sourceTree = "<group>"; };
		C6EAD4FA23D6D41200DCB300 /* SceneDelegate.swift */ = {isa = PBXFileReference; lastKnownFileType = sourcecode.swift; path = SceneDelegate.swift; sourceTree = "<group>"; };
		C6EAD4FC23D6D41200DCB300 /* ViewController.swift */ = {isa = PBXFileReference; lastKnownFileType = sourcecode.swift; path = ViewController.swift; sourceTree = "<group>"; };
		C6EAD4FF23D6D41200DCB300 /* Base */ = {isa = PBXFileReference; lastKnownFileType = file.storyboard; name = Base; path = Base.lproj/Main.storyboard; sourceTree = "<group>"; };
		C6EAD50123D6D42D00DCB300 /* Assets.xcassets */ = {isa = PBXFileReference; lastKnownFileType = folder.assetcatalog; path = Assets.xcassets; sourceTree = "<group>"; };
		C6EAD50423D6D42D00DCB300 /* Base */ = {isa = PBXFileReference; lastKnownFileType = file.storyboard; name = Base; path = Base.lproj/LaunchScreen.storyboard; sourceTree = "<group>"; };
		C6EAD50623D6D42D00DCB300 /* Info.plist */ = {isa = PBXFileReference; lastKnownFileType = text.plist.xml; path = Info.plist; sourceTree = "<group>"; };
		C6EAD50B23D6D42D00DCB300 /* UOLTestTests.xctest */ = {isa = PBXFileReference; explicitFileType = wrapper.cfbundle; includeInIndex = 0; path = UOLTestTests.xctest; sourceTree = BUILT_PRODUCTS_DIR; };
		C6EAD50F23D6D42D00DCB300 /* UOLTestTests.swift */ = {isa = PBXFileReference; lastKnownFileType = sourcecode.swift; path = UOLTestTests.swift; sourceTree = "<group>"; };
		C6EAD51123D6D42D00DCB300 /* Info.plist */ = {isa = PBXFileReference; lastKnownFileType = text.plist.xml; path = Info.plist; sourceTree = "<group>"; };
		C6EAD51623D6D42D00DCB300 /* UOLTestUITests.xctest */ = {isa = PBXFileReference; explicitFileType = wrapper.cfbundle; includeInIndex = 0; path = UOLTestUITests.xctest; sourceTree = BUILT_PRODUCTS_DIR; };
		C6EAD51A23D6D42D00DCB300 /* UOLTestUITests.swift */ = {isa = PBXFileReference; lastKnownFileType = sourcecode.swift; path = UOLTestUITests.swift; sourceTree = "<group>"; };
		C6EAD51C23D6D42D00DCB300 /* Info.plist */ = {isa = PBXFileReference; lastKnownFileType = text.plist.xml; path = Info.plist; sourceTree = "<group>"; };
		C6EAD52923D6EBFD00DCB300 /* Beers.swift */ = {isa = PBXFileReference; lastKnownFileType = sourcecode.swift; path = Beers.swift; sourceTree = "<group>"; };
		C6EAD52C23D6F60C00DCB300 /* APIConfiguration.swift */ = {isa = PBXFileReference; lastKnownFileType = sourcecode.swift; path = APIConfiguration.swift; sourceTree = "<group>"; };
		C6EAD52F23D6F65300DCB300 /* Beersendpoint.swift */ = {isa = PBXFileReference; lastKnownFileType = sourcecode.swift; path = Beersendpoint.swift; sourceTree = "<group>"; };
		C6EAD53123D6F73800DCB300 /* Constants.swift */ = {isa = PBXFileReference; lastKnownFileType = sourcecode.swift; path = Constants.swift; sourceTree = "<group>"; };
		C6EAD53423D6FF5A00DCB300 /* Beersclient.swift */ = {isa = PBXFileReference; lastKnownFileType = sourcecode.swift; path = Beersclient.swift; sourceTree = "<group>"; };
		C805BA93FD4DC0D8CF211E11 /* Pods_UOLTest_UOLTestUITests.framework */ = {isa = PBXFileReference; explicitFileType = wrapper.framework; includeInIndex = 0; path = Pods_UOLTest_UOLTestUITests.framework; sourceTree = BUILT_PRODUCTS_DIR; };
		CCC97B673788BAF6612F2A38 /* Pods-UOLTestTests.debug.xcconfig */ = {isa = PBXFileReference; includeInIndex = 1; lastKnownFileType = text.xcconfig; name = "Pods-UOLTestTests.debug.xcconfig"; path = "Target Support Files/Pods-UOLTestTests/Pods-UOLTestTests.debug.xcconfig"; sourceTree = "<group>"; };
		CED42B6EE076E811D309186C /* Pods_UOLTest.framework */ = {isa = PBXFileReference; explicitFileType = wrapper.framework; includeInIndex = 0; path = Pods_UOLTest.framework; sourceTree = BUILT_PRODUCTS_DIR; };
		FDA531148E3A51447160CE7A /* Pods-UOLTest-UOLTestUITests.debug.xcconfig */ = {isa = PBXFileReference; includeInIndex = 1; lastKnownFileType = text.xcconfig; name = "Pods-UOLTest-UOLTestUITests.debug.xcconfig"; path = "Target Support Files/Pods-UOLTest-UOLTestUITests/Pods-UOLTest-UOLTestUITests.debug.xcconfig"; sourceTree = "<group>"; };
/* End PBXFileReference section */

/* Begin PBXFrameworksBuildPhase section */
		C6EAD4F223D6D41200DCB300 /* Frameworks */ = {
			isa = PBXFrameworksBuildPhase;
			buildActionMask = 2147483647;
			files = (
				384BD5B7B312A0B162A6C728 /* Pods_UOLTest.framework in Frameworks */,
			);
			runOnlyForDeploymentPostprocessing = 0;
		};
		C6EAD50823D6D42D00DCB300 /* Frameworks */ = {
			isa = PBXFrameworksBuildPhase;
			buildActionMask = 2147483647;
			files = (
				C2263421F4301EF1C19AC358 /* Pods_UOLTestTests.framework in Frameworks */,
			);
			runOnlyForDeploymentPostprocessing = 0;
		};
		C6EAD51323D6D42D00DCB300 /* Frameworks */ = {
			isa = PBXFrameworksBuildPhase;
			buildActionMask = 2147483647;
			files = (
				D6A6395F47BD379FB8B00CD9 /* Pods_UOLTest_UOLTestUITests.framework in Frameworks */,
			);
			runOnlyForDeploymentPostprocessing = 0;
		};
/* End PBXFrameworksBuildPhase section */

/* Begin PBXGroup section */
		C6EAD4EC23D6D41200DCB300 = {
			isa = PBXGroup;
			children = (
				C6EAD4F723D6D41200DCB300 /* UOLTest */,
				C6EAD50E23D6D42D00DCB300 /* UOLTestTests */,
				C6EAD51923D6D42D00DCB300 /* UOLTestUITests */,
				C6EAD4F623D6D41200DCB300 /* Products */,
				F297656F250AA839182DD637 /* Pods */,
				ED7D3BBC2C3B25AFCD1AD721 /* Frameworks */,
			);
			sourceTree = "<group>";
		};
		C6EAD4F623D6D41200DCB300 /* Products */ = {
			isa = PBXGroup;
			children = (
				C6EAD4F523D6D41200DCB300 /* UOLTest.app */,
				C6EAD50B23D6D42D00DCB300 /* UOLTestTests.xctest */,
				C6EAD51623D6D42D00DCB300 /* UOLTestUITests.xctest */,
			);
			name = Products;
			sourceTree = "<group>";
		};
		C6EAD4F723D6D41200DCB300 /* UOLTest */ = {
			isa = PBXGroup;
			children = (
				C6EAD52B23D6F5ED00DCB300 /* Service */,
				C6EAD52823D6EBB000DCB300 /* Model */,
				C6EAD4F823D6D41200DCB300 /* AppDelegate.swift */,
				C6EAD4FA23D6D41200DCB300 /* SceneDelegate.swift */,
				C6EAD4FC23D6D41200DCB300 /* ViewController.swift */,
				C6EAD4FE23D6D41200DCB300 /* Main.storyboard */,
				C6EAD50123D6D42D00DCB300 /* Assets.xcassets */,
				C6EAD50323D6D42D00DCB300 /* LaunchScreen.storyboard */,
				C6EAD50623D6D42D00DCB300 /* Info.plist */,
				C6EAD53123D6F73800DCB300 /* Constants.swift */,
			);
			path = UOLTest;
			sourceTree = "<group>";
		};
		C6EAD50E23D6D42D00DCB300 /* UOLTestTests */ = {
			isa = PBXGroup;
			children = (
				C6EAD50F23D6D42D00DCB300 /* UOLTestTests.swift */,
				C6EAD51123D6D42D00DCB300 /* Info.plist */,
			);
			path = UOLTestTests;
			sourceTree = "<group>";
		};
		C6EAD51923D6D42D00DCB300 /* UOLTestUITests */ = {
			isa = PBXGroup;
			children = (
				C6EAD51A23D6D42D00DCB300 /* UOLTestUITests.swift */,
				C6EAD51C23D6D42D00DCB300 /* Info.plist */,
			);
			path = UOLTestUITests;
			sourceTree = "<group>";
		};
		C6EAD52823D6EBB000DCB300 /* Model */ = {
			isa = PBXGroup;
			children = (
				C6EAD52923D6EBFD00DCB300 /* Beers.swift */,
			);
			path = Model;
			sourceTree = "<group>";
		};
		C6EAD52B23D6F5ED00DCB300 /* Service */ = {
			isa = PBXGroup;
			children = (
				C6EAD53323D6FF3100DCB300 /* Client */,
				C6EAD52E23D6F63500DCB300 /* Endpoint */,
				C6EAD52C23D6F60C00DCB300 /* APIConfiguration.swift */,
			);
			path = Service;
			sourceTree = "<group>";
		};
		C6EAD52E23D6F63500DCB300 /* Endpoint */ = {
			isa = PBXGroup;
			children = (
				C6EAD52F23D6F65300DCB300 /* Beersendpoint.swift */,
			);
			path = Endpoint;
			sourceTree = "<group>";
		};
		C6EAD53323D6FF3100DCB300 /* Client */ = {
			isa = PBXGroup;
			children = (
				C6EAD53423D6FF5A00DCB300 /* Beersclient.swift */,
			);
			path = Client;
			sourceTree = "<group>";
		};
		ED7D3BBC2C3B25AFCD1AD721 /* Frameworks */ = {
			isa = PBXGroup;
			children = (
				CED42B6EE076E811D309186C /* Pods_UOLTest.framework */,
				C805BA93FD4DC0D8CF211E11 /* Pods_UOLTest_UOLTestUITests.framework */,
				271EB42940E90C1F66A3FA69 /* Pods_UOLTestTests.framework */,
			);
			name = Frameworks;
			sourceTree = "<group>";
		};
		F297656F250AA839182DD637 /* Pods */ = {
			isa = PBXGroup;
			children = (
				0F32E8DA4045B8C9433BAD8F /* Pods-UOLTest.debug.xcconfig */,
				A40BDE473AC562E1556564DB /* Pods-UOLTest.release.xcconfig */,
				FDA531148E3A51447160CE7A /* Pods-UOLTest-UOLTestUITests.debug.xcconfig */,
				B21D124858C7F87870A04122 /* Pods-UOLTest-UOLTestUITests.release.xcconfig */,
				CCC97B673788BAF6612F2A38 /* Pods-UOLTestTests.debug.xcconfig */,
				2202CB8807933033CAA2BCDE /* Pods-UOLTestTests.release.xcconfig */,
			);
			path = Pods;
			sourceTree = "<group>";
		};
/* End PBXGroup section */

/* Begin PBXNativeTarget section */
		C6EAD4F423D6D41200DCB300 /* UOLTest */ = {
			isa = PBXNativeTarget;
			buildConfigurationList = C6EAD51F23D6D42E00DCB300 /* Build configuration list for PBXNativeTarget "UOLTest" */;
			buildPhases = (
				8DAE9F4782AA2D6248628126 /* [CP] Check Pods Manifest.lock */,
				C6EAD4F123D6D41200DCB300 /* Sources */,
				C6EAD4F223D6D41200DCB300 /* Frameworks */,
				C6EAD4F323D6D41200DCB300 /* Resources */,
				E7B2B697E94DDA0F880C52F2 /* [CP] Embed Pods Frameworks */,
			);
			buildRules = (
			);
			dependencies = (
			);
			name = UOLTest;
			productName = UOLTest;
			productReference = C6EAD4F523D6D41200DCB300 /* UOLTest.app */;
			productType = "com.apple.product-type.application";
		};
		C6EAD50A23D6D42D00DCB300 /* UOLTestTests */ = {
			isa = PBXNativeTarget;
			buildConfigurationList = C6EAD52223D6D42E00DCB300 /* Build configuration list for PBXNativeTarget "UOLTestTests" */;
			buildPhases = (
				027358359F21E1706EB32418 /* [CP] Check Pods Manifest.lock */,
				C6EAD50723D6D42D00DCB300 /* Sources */,
				C6EAD50823D6D42D00DCB300 /* Frameworks */,
				C6EAD50923D6D42D00DCB300 /* Resources */,
			);
			buildRules = (
			);
			dependencies = (
				C6EAD50D23D6D42D00DCB300 /* PBXTargetDependency */,
			);
			name = UOLTestTests;
			productName = UOLTestTests;
			productReference = C6EAD50B23D6D42D00DCB300 /* UOLTestTests.xctest */;
			productType = "com.apple.product-type.bundle.unit-test";
		};
		C6EAD51523D6D42D00DCB300 /* UOLTestUITests */ = {
			isa = PBXNativeTarget;
			buildConfigurationList = C6EAD52523D6D42E00DCB300 /* Build configuration list for PBXNativeTarget "UOLTestUITests" */;
			buildPhases = (
				3FFB9B34F5DABA2B43456641 /* [CP] Check Pods Manifest.lock */,
				C6EAD51223D6D42D00DCB300 /* Sources */,
				C6EAD51323D6D42D00DCB300 /* Frameworks */,
				C6EAD51423D6D42D00DCB300 /* Resources */,
				0D3ACE6F01B130C1D2CC7589 /* [CP] Embed Pods Frameworks */,
			);
			buildRules = (
			);
			dependencies = (
				C6EAD51823D6D42D00DCB300 /* PBXTargetDependency */,
			);
			name = UOLTestUITests;
			productName = UOLTestUITests;
			productReference = C6EAD51623D6D42D00DCB300 /* UOLTestUITests.xctest */;
			productType = "com.apple.product-type.bundle.ui-testing";
		};
/* End PBXNativeTarget section */

/* Begin PBXProject section */
		C6EAD4ED23D6D41200DCB300 /* Project object */ = {
			isa = PBXProject;
			attributes = {
				LastSwiftUpdateCheck = 1130;
				LastUpgradeCheck = 1130;
				ORGANIZATIONNAME = "Liellison Menezes";
				TargetAttributes = {
					C6EAD4F423D6D41200DCB300 = {
						CreatedOnToolsVersion = 11.3;
					};
					C6EAD50A23D6D42D00DCB300 = {
						CreatedOnToolsVersion = 11.3;
						TestTargetID = C6EAD4F423D6D41200DCB300;
					};
					C6EAD51523D6D42D00DCB300 = {
						CreatedOnToolsVersion = 11.3;
						TestTargetID = C6EAD4F423D6D41200DCB300;
					};
				};
			};
			buildConfigurationList = C6EAD4F023D6D41200DCB300 /* Build configuration list for PBXProject "UOLTest" */;
			compatibilityVersion = "Xcode 9.3";
			developmentRegion = en;
			hasScannedForEncodings = 0;
			knownRegions = (
				en,
				Base,
			);
			mainGroup = C6EAD4EC23D6D41200DCB300;
			productRefGroup = C6EAD4F623D6D41200DCB300 /* Products */;
			projectDirPath = "";
			projectRoot = "";
			targets = (
				C6EAD4F423D6D41200DCB300 /* UOLTest */,
				C6EAD50A23D6D42D00DCB300 /* UOLTestTests */,
				C6EAD51523D6D42D00DCB300 /* UOLTestUITests */,
			);
		};
/* End PBXProject section */

/* Begin PBXResourcesBuildPhase section */
		C6EAD4F323D6D41200DCB300 /* Resources */ = {
			isa = PBXResourcesBuildPhase;
			buildActionMask = 2147483647;
			files = (
				C6EAD50523D6D42D00DCB300 /* LaunchScreen.storyboard in Resources */,
				C6EAD50223D6D42D00DCB300 /* Assets.xcassets in Resources */,
				C6EAD50023D6D41200DCB300 /* Main.storyboard in Resources */,
			);
			runOnlyForDeploymentPostprocessing = 0;
		};
		C6EAD50923D6D42D00DCB300 /* Resources */ = {
			isa = PBXResourcesBuildPhase;
			buildActionMask = 2147483647;
			files = (
			);
			runOnlyForDeploymentPostprocessing = 0;
		};
		C6EAD51423D6D42D00DCB300 /* Resources */ = {
			isa = PBXResourcesBuildPhase;
			buildActionMask = 2147483647;
			files = (
			);
			runOnlyForDeploymentPostprocessing = 0;
		};
/* End PBXResourcesBuildPhase section */

/* Begin PBXShellScriptBuildPhase section */
		027358359F21E1706EB32418 /* [CP] Check Pods Manifest.lock */ = {
			isa = PBXShellScriptBuildPhase;
			buildActionMask = 2147483647;
			files = (
			);
			inputFileListPaths = (
			);
			inputPaths = (
				"${PODS_PODFILE_DIR_PATH}/Podfile.lock",
				"${PODS_ROOT}/Manifest.lock",
			);
			name = "[CP] Check Pods Manifest.lock";
			outputFileListPaths = (
			);
			outputPaths = (
				"$(DERIVED_FILE_DIR)/Pods-UOLTestTests-checkManifestLockResult.txt",
			);
			runOnlyForDeploymentPostprocessing = 0;
			shellPath = /bin/sh;
			shellScript = "diff \"${PODS_PODFILE_DIR_PATH}/Podfile.lock\" \"${PODS_ROOT}/Manifest.lock\" > /dev/null\nif [ $? != 0 ] ; then\n    # print error to STDERR\n    echo \"error: The sandbox is not in sync with the Podfile.lock. Run 'pod install' or update your CocoaPods installation.\" >&2\n    exit 1\nfi\n# This output is used by Xcode 'outputs' to avoid re-running this script phase.\necho \"SUCCESS\" > \"${SCRIPT_OUTPUT_FILE_0}\"\n";
			showEnvVarsInLog = 0;
		};
		0D3ACE6F01B130C1D2CC7589 /* [CP] Embed Pods Frameworks */ = {
			isa = PBXShellScriptBuildPhase;
			buildActionMask = 2147483647;
			files = (
			);
			inputFileListPaths = (
				"${PODS_ROOT}/Target Support Files/Pods-UOLTest-UOLTestUITests/Pods-UOLTest-UOLTestUITests-frameworks-${CONFIGURATION}-input-files.xcfilelist",
			);
			name = "[CP] Embed Pods Frameworks";
			outputFileListPaths = (
				"${PODS_ROOT}/Target Support Files/Pods-UOLTest-UOLTestUITests/Pods-UOLTest-UOLTestUITests-frameworks-${CONFIGURATION}-output-files.xcfilelist",
			);
			runOnlyForDeploymentPostprocessing = 0;
			shellPath = /bin/sh;
			shellScript = "\"${PODS_ROOT}/Target Support Files/Pods-UOLTest-UOLTestUITests/Pods-UOLTest-UOLTestUITests-frameworks.sh\"\n";
			showEnvVarsInLog = 0;
		};
		3FFB9B34F5DABA2B43456641 /* [CP] Check Pods Manifest.lock */ = {
			isa = PBXShellScriptBuildPhase;
			buildActionMask = 2147483647;
			files = (
			);
			inputFileListPaths = (
			);
			inputPaths = (
				"${PODS_PODFILE_DIR_PATH}/Podfile.lock",
				"${PODS_ROOT}/Manifest.lock",
			);
			name = "[CP] Check Pods Manifest.lock";
			outputFileListPaths = (
			);
			outputPaths = (
				"$(DERIVED_FILE_DIR)/Pods-UOLTest-UOLTestUITests-checkManifestLockResult.txt",
			);
			runOnlyForDeploymentPostprocessing = 0;
			shellPath = /bin/sh;
			shellScript = "diff \"${PODS_PODFILE_DIR_PATH}/Podfile.lock\" \"${PODS_ROOT}/Manifest.lock\" > /dev/null\nif [ $? != 0 ] ; then\n    # print error to STDERR\n    echo \"error: The sandbox is not in sync with the Podfile.lock. Run 'pod install' or update your CocoaPods installation.\" >&2\n    exit 1\nfi\n# This output is used by Xcode 'outputs' to avoid re-running this script phase.\necho \"SUCCESS\" > \"${SCRIPT_OUTPUT_FILE_0}\"\n";
			showEnvVarsInLog = 0;
		};
		8DAE9F4782AA2D6248628126 /* [CP] Check Pods Manifest.lock */ = {
			isa = PBXShellScriptBuildPhase;
			buildActionMask = 2147483647;
			files = (
			);
			inputFileListPaths = (
			);
			inputPaths = (
				"${PODS_PODFILE_DIR_PATH}/Podfile.lock",
				"${PODS_ROOT}/Manifest.lock",
			);
			name = "[CP] Check Pods Manifest.lock";
			outputFileListPaths = (
			);
			outputPaths = (
				"$(DERIVED_FILE_DIR)/Pods-UOLTest-checkManifestLockResult.txt",
			);
			runOnlyForDeploymentPostprocessing = 0;
			shellPath = /bin/sh;
			shellScript = "diff \"${PODS_PODFILE_DIR_PATH}/Podfile.lock\" \"${PODS_ROOT}/Manifest.lock\" > /dev/null\nif [ $? != 0 ] ; then\n    # print error to STDERR\n    echo \"error: The sandbox is not in sync with the Podfile.lock. Run 'pod install' or update your CocoaPods installation.\" >&2\n    exit 1\nfi\n# This output is used by Xcode 'outputs' to avoid re-running this script phase.\necho \"SUCCESS\" > \"${SCRIPT_OUTPUT_FILE_0}\"\n";
			showEnvVarsInLog = 0;
		};
		E7B2B697E94DDA0F880C52F2 /* [CP] Embed Pods Frameworks */ = {
			isa = PBXShellScriptBuildPhase;
			buildActionMask = 2147483647;
			files = (
			);
			inputFileListPaths = (
				"${PODS_ROOT}/Target Support Files/Pods-UOLTest/Pods-UOLTest-frameworks-${CONFIGURATION}-input-files.xcfilelist",
			);
			name = "[CP] Embed Pods Frameworks";
			outputFileListPaths = (
				"${PODS_ROOT}/Target Support Files/Pods-UOLTest/Pods-UOLTest-frameworks-${CONFIGURATION}-output-files.xcfilelist",
			);
			runOnlyForDeploymentPostprocessing = 0;
			shellPath = /bin/sh;
			shellScript = "\"${PODS_ROOT}/Target Support Files/Pods-UOLTest/Pods-UOLTest-frameworks.sh\"\n";
			showEnvVarsInLog = 0;
		};
/* End PBXShellScriptBuildPhase section */

/* Begin PBXSourcesBuildPhase section */
		C6EAD4F123D6D41200DCB300 /* Sources */ = {
			isa = PBXSourcesBuildPhase;
			buildActionMask = 2147483647;
			files = (
				C6EAD4FD23D6D41200DCB300 /* ViewController.swift in Sources */,
				C6EAD4F923D6D41200DCB300 /* AppDelegate.swift in Sources */,
				C6EAD52D23D6F60C00DCB300 /* APIConfiguration.swift in Sources */,
				C6EAD4FB23D6D41200DCB300 /* SceneDelegate.swift in Sources */,
				C6EAD53523D6FF5A00DCB300 /* Beersclient.swift in Sources */,
				C6EAD53223D6F73800DCB300 /* Constants.swift in Sources */,
				C6EAD53023D6F65300DCB300 /* Beersendpoint.swift in Sources */,
				C6EAD52A23D6EBFD00DCB300 /* Beers.swift in Sources */,
			);
			runOnlyForDeploymentPostprocessing = 0;
		};
		C6EAD50723D6D42D00DCB300 /* Sources */ = {
			isa = PBXSourcesBuildPhase;
			buildActionMask = 2147483647;
			files = (
				C6EAD51023D6D42D00DCB300 /* UOLTestTests.swift in Sources */,
			);
			runOnlyForDeploymentPostprocessing = 0;
		};
		C6EAD51223D6D42D00DCB300 /* Sources */ = {
			isa = PBXSourcesBuildPhase;
			buildActionMask = 2147483647;
			files = (
				C6EAD51B23D6D42D00DCB300 /* UOLTestUITests.swift in Sources */,
			);
			runOnlyForDeploymentPostprocessing = 0;
		};
/* End PBXSourcesBuildPhase section */

/* Begin PBXTargetDependency section */
		C6EAD50D23D6D42D00DCB300 /* PBXTargetDependency */ = {
			isa = PBXTargetDependency;
			target = C6EAD4F423D6D41200DCB300 /* UOLTest */;
			targetProxy = C6EAD50C23D6D42D00DCB300 /* PBXContainerItemProxy */;
		};
		C6EAD51823D6D42D00DCB300 /* PBXTargetDependency */ = {
			isa = PBXTargetDependency;
			target = C6EAD4F423D6D41200DCB300 /* UOLTest */;
			targetProxy = C6EAD51723D6D42D00DCB300 /* PBXContainerItemProxy */;
		};
/* End PBXTargetDependency section */

/* Begin PBXVariantGroup section */
		C6EAD4FE23D6D41200DCB300 /* Main.storyboard */ = {
			isa = PBXVariantGroup;
			children = (
				C6EAD4FF23D6D41200DCB300 /* Base */,
			);
			name = Main.storyboard;
			sourceTree = "<group>";
		};
		C6EAD50323D6D42D00DCB300 /* LaunchScreen.storyboard */ = {
			isa = PBXVariantGroup;
			children = (
				C6EAD50423D6D42D00DCB300 /* Base */,
			);
			name = LaunchScreen.storyboard;
			sourceTree = "<group>";
		};
/* End PBXVariantGroup section */

/* Begin XCBuildConfiguration section */
		C6EAD51D23D6D42D00DCB300 /* Debug */ = {
			isa = XCBuildConfiguration;
			buildSettings = {
				ALWAYS_SEARCH_USER_PATHS = NO;
				CLANG_ANALYZER_NONNULL = YES;
				CLANG_ANALYZER_NUMBER_OBJECT_CONVERSION = YES_AGGRESSIVE;
				CLANG_CXX_LANGUAGE_STANDARD = "gnu++14";
				CLANG_CXX_LIBRARY = "libc++";
				CLANG_ENABLE_MODULES = YES;
				CLANG_ENABLE_OBJC_ARC = YES;
				CLANG_ENABLE_OBJC_WEAK = YES;
				CLANG_WARN_BLOCK_CAPTURE_AUTORELEASING = YES;
				CLANG_WARN_BOOL_CONVERSION = YES;
				CLANG_WARN_COMMA = YES;
				CLANG_WARN_CONSTANT_CONVERSION = YES;
				CLANG_WARN_DEPRECATED_OBJC_IMPLEMENTATIONS = YES;
				CLANG_WARN_DIRECT_OBJC_ISA_USAGE = YES_ERROR;
				CLANG_WARN_DOCUMENTATION_COMMENTS = YES;
				CLANG_WARN_EMPTY_BODY = YES;
				CLANG_WARN_ENUM_CONVERSION = YES;
				CLANG_WARN_INFINITE_RECURSION = YES;
				CLANG_WARN_INT_CONVERSION = YES;
				CLANG_WARN_NON_LITERAL_NULL_CONVERSION = YES;
				CLANG_WARN_OBJC_IMPLICIT_RETAIN_SELF = YES;
				CLANG_WARN_OBJC_LITERAL_CONVERSION = YES;
				CLANG_WARN_OBJC_ROOT_CLASS = YES_ERROR;
				CLANG_WARN_RANGE_LOOP_ANALYSIS = YES;
				CLANG_WARN_STRICT_PROTOTYPES = YES;
				CLANG_WARN_SUSPICIOUS_MOVE = YES;
				CLANG_WARN_UNGUARDED_AVAILABILITY = YES_AGGRESSIVE;
				CLANG_WARN_UNREACHABLE_CODE = YES;
				CLANG_WARN__DUPLICATE_METHOD_MATCH = YES;
				COPY_PHASE_STRIP = NO;
				DEBUG_INFORMATION_FORMAT = dwarf;
				ENABLE_STRICT_OBJC_MSGSEND = YES;
				ENABLE_TESTABILITY = YES;
				GCC_C_LANGUAGE_STANDARD = gnu11;
				GCC_DYNAMIC_NO_PIC = NO;
				GCC_NO_COMMON_BLOCKS = YES;
				GCC_OPTIMIZATION_LEVEL = 0;
				GCC_PREPROCESSOR_DEFINITIONS = (
					"DEBUG=1",
					"$(inherited)",
				);
				GCC_WARN_64_TO_32_BIT_CONVERSION = YES;
				GCC_WARN_ABOUT_RETURN_TYPE = YES_ERROR;
				GCC_WARN_UNDECLARED_SELECTOR = YES;
				GCC_WARN_UNINITIALIZED_AUTOS = YES_AGGRESSIVE;
				GCC_WARN_UNUSED_FUNCTION = YES;
				GCC_WARN_UNUSED_VARIABLE = YES;
				IPHONEOS_DEPLOYMENT_TARGET = 13.2;
				MTL_ENABLE_DEBUG_INFO = INCLUDE_SOURCE;
				MTL_FAST_MATH = YES;
				ONLY_ACTIVE_ARCH = YES;
				SDKROOT = iphoneos;
				SWIFT_ACTIVE_COMPILATION_CONDITIONS = DEBUG;
				SWIFT_OPTIMIZATION_LEVEL = "-Onone";
			};
			name = Debug;
		};
		C6EAD51E23D6D42D00DCB300 /* Release */ = {
			isa = XCBuildConfiguration;
			buildSettings = {
				ALWAYS_SEARCH_USER_PATHS = NO;
				CLANG_ANALYZER_NONNULL = YES;
				CLANG_ANALYZER_NUMBER_OBJECT_CONVERSION = YES_AGGRESSIVE;
				CLANG_CXX_LANGUAGE_STANDARD = "gnu++14";
				CLANG_CXX_LIBRARY = "libc++";
				CLANG_ENABLE_MODULES = YES;
				CLANG_ENABLE_OBJC_ARC = YES;
				CLANG_ENABLE_OBJC_WEAK = YES;
				CLANG_WARN_BLOCK_CAPTURE_AUTORELEASING = YES;
				CLANG_WARN_BOOL_CONVERSION = YES;
				CLANG_WARN_COMMA = YES;
				CLANG_WARN_CONSTANT_CONVERSION = YES;
				CLANG_WARN_DEPRECATED_OBJC_IMPLEMENTATIONS = YES;
				CLANG_WARN_DIRECT_OBJC_ISA_USAGE = YES_ERROR;
				CLANG_WARN_DOCUMENTATION_COMMENTS = YES;
				CLANG_WARN_EMPTY_BODY = YES;
				CLANG_WARN_ENUM_CONVERSION = YES;
				CLANG_WARN_INFINITE_RECURSION = YES;
				CLANG_WARN_INT_CONVERSION = YES;
				CLANG_WARN_NON_LITERAL_NULL_CONVERSION = YES;
				CLANG_WARN_OBJC_IMPLICIT_RETAIN_SELF = YES;
				CLANG_WARN_OBJC_LITERAL_CONVERSION = YES;
				CLANG_WARN_OBJC_ROOT_CLASS = YES_ERROR;
				CLANG_WARN_RANGE_LOOP_ANALYSIS = YES;
				CLANG_WARN_STRICT_PROTOTYPES = YES;
				CLANG_WARN_SUSPICIOUS_MOVE = YES;
				CLANG_WARN_UNGUARDED_AVAILABILITY = YES_AGGRESSIVE;
				CLANG_WARN_UNREACHABLE_CODE = YES;
				CLANG_WARN__DUPLICATE_METHOD_MATCH = YES;
				COPY_PHASE_STRIP = NO;
				DEBUG_INFORMATION_FORMAT = "dwarf-with-dsym";
				ENABLE_NS_ASSERTIONS = NO;
				ENABLE_STRICT_OBJC_MSGSEND = YES;
				GCC_C_LANGUAGE_STANDARD = gnu11;
				GCC_NO_COMMON_BLOCKS = YES;
				GCC_WARN_64_TO_32_BIT_CONVERSION = YES;
				GCC_WARN_ABOUT_RETURN_TYPE = YES_ERROR;
				GCC_WARN_UNDECLARED_SELECTOR = YES;
				GCC_WARN_UNINITIALIZED_AUTOS = YES_AGGRESSIVE;
				GCC_WARN_UNUSED_FUNCTION = YES;
				GCC_WARN_UNUSED_VARIABLE = YES;
				IPHONEOS_DEPLOYMENT_TARGET = 13.2;
				MTL_ENABLE_DEBUG_INFO = NO;
				MTL_FAST_MATH = YES;
				SDKROOT = iphoneos;
				SWIFT_COMPILATION_MODE = wholemodule;
				SWIFT_OPTIMIZATION_LEVEL = "-O";
				VALIDATE_PRODUCT = YES;
			};
			name = Release;
		};
		C6EAD52023D6D42E00DCB300 /* Debug */ = {
			isa = XCBuildConfiguration;
			baseConfigurationReference = 0F32E8DA4045B8C9433BAD8F /* Pods-UOLTest.debug.xcconfig */;
			buildSettings = {
				ASSETCATALOG_COMPILER_APPICON_NAME = AppIcon;
				CODE_SIGN_STYLE = Automatic;
				DEVELOPMENT_TEAM = H3V2LZ4MW4;
				INFOPLIST_FILE = UOLTest/Info.plist;
				LD_RUNPATH_SEARCH_PATHS = (
					"$(inherited)",
					"@executable_path/Frameworks",
				);
				PRODUCT_BUNDLE_IDENTIFIER = com.Liellison.UOLTest;
				PRODUCT_NAME = "$(TARGET_NAME)";
				SWIFT_VERSION = 5.0;
				TARGETED_DEVICE_FAMILY = "1,2";
			};
			name = Debug;
		};
		C6EAD52123D6D42E00DCB300 /* Release */ = {
			isa = XCBuildConfiguration;
			baseConfigurationReference = A40BDE473AC562E1556564DB /* Pods-UOLTest.release.xcconfig */;
			buildSettings = {
				ASSETCATALOG_COMPILER_APPICON_NAME = AppIcon;
				CODE_SIGN_STYLE = Automatic;
				DEVELOPMENT_TEAM = H3V2LZ4MW4;
				INFOPLIST_FILE = UOLTest/Info.plist;
				LD_RUNPATH_SEARCH_PATHS = (
					"$(inherited)",
					"@executable_path/Frameworks",
				);
				PRODUCT_BUNDLE_IDENTIFIER = com.Liellison.UOLTest;
				PRODUCT_NAME = "$(TARGET_NAME)";
				SWIFT_VERSION = 5.0;
				TARGETED_DEVICE_FAMILY = "1,2";
			};
			name = Release;
		};
		C6EAD52323D6D42E00DCB300 /* Debug */ = {
			isa = XCBuildConfiguration;
			baseConfigurationReference = CCC97B673788BAF6612F2A38 /* Pods-UOLTestTests.debug.xcconfig */;
			buildSettings = {
				ALWAYS_EMBED_SWIFT_STANDARD_LIBRARIES = YES;
				BUNDLE_LOADER = "$(TEST_HOST)";
				CODE_SIGN_STYLE = Automatic;
				DEVELOPMENT_TEAM = H3V2LZ4MW4;
				INFOPLIST_FILE = UOLTestTests/Info.plist;
				IPHONEOS_DEPLOYMENT_TARGET = 13.2;
				LD_RUNPATH_SEARCH_PATHS = (
					"$(inherited)",
					"@executable_path/Frameworks",
					"@loader_path/Frameworks",
				);
				PRODUCT_BUNDLE_IDENTIFIER = com.Liellison.UOLTestTests;
				PRODUCT_NAME = "$(TARGET_NAME)";
				SWIFT_VERSION = 5.0;
				TARGETED_DEVICE_FAMILY = "1,2";
				TEST_HOST = "$(BUILT_PRODUCTS_DIR)/UOLTest.app/UOLTest";
			};
			name = Debug;
		};
		C6EAD52423D6D42E00DCB300 /* Release */ = {
			isa = XCBuildConfiguration;
			baseConfigurationReference = 2202CB8807933033CAA2BCDE /* Pods-UOLTestTests.release.xcconfig */;
			buildSettings = {
				ALWAYS_EMBED_SWIFT_STANDARD_LIBRARIES = YES;
				BUNDLE_LOADER = "$(TEST_HOST)";
				CODE_SIGN_STYLE = Automatic;
				DEVELOPMENT_TEAM = H3V2LZ4MW4;
				INFOPLIST_FILE = UOLTestTests/Info.plist;
				IPHONEOS_DEPLOYMENT_TARGET = 13.2;
				LD_RUNPATH_SEARCH_PATHS = (
					"$(inherited)",
					"@executable_path/Frameworks",
					"@loader_path/Frameworks",
				);
				PRODUCT_BUNDLE_IDENTIFIER = com.Liellison.UOLTestTests;
				PRODUCT_NAME = "$(TARGET_NAME)";
				SWIFT_VERSION = 5.0;
				TARGETED_DEVICE_FAMILY = "1,2";
				TEST_HOST = "$(BUILT_PRODUCTS_DIR)/UOLTest.app/UOLTest";
			};
			name = Release;
		};
		C6EAD52623D6D42E00DCB300 /* Debug */ = {
			isa = XCBuildConfiguration;
			baseConfigurationReference = FDA531148E3A51447160CE7A /* Pods-UOLTest-UOLTestUITests.debug.xcconfig */;
			buildSettings = {
				ALWAYS_EMBED_SWIFT_STANDARD_LIBRARIES = YES;
				CODE_SIGN_STYLE = Automatic;
				DEVELOPMENT_TEAM = H3V2LZ4MW4;
				INFOPLIST_FILE = UOLTestUITests/Info.plist;
				LD_RUNPATH_SEARCH_PATHS = (
					"$(inherited)",
					"@executable_path/Frameworks",
					"@loader_path/Frameworks",
				);
				PRODUCT_BUNDLE_IDENTIFIER = com.Liellison.UOLTestUITests;
				PRODUCT_NAME = "$(TARGET_NAME)";
				SWIFT_VERSION = 5.0;
				TARGETED_DEVICE_FAMILY = "1,2";
				TEST_TARGET_NAME = UOLTest;
			};
			name = Debug;
		};
		C6EAD52723D6D42E00DCB300 /* Release */ = {
			isa = XCBuildConfiguration;
			baseConfigurationReference = B21D124858C7F87870A04122 /* Pods-UOLTest-UOLTestUITests.release.xcconfig */;
			buildSettings = {
				ALWAYS_EMBED_SWIFT_STANDARD_LIBRARIES = YES;
				CODE_SIGN_STYLE = Automatic;
				DEVELOPMENT_TEAM = H3V2LZ4MW4;
				INFOPLIST_FILE = UOLTestUITests/Info.plist;
				LD_RUNPATH_SEARCH_PATHS = (
					"$(inherited)",
					"@executable_path/Frameworks",
					"@loader_path/Frameworks",
				);
				PRODUCT_BUNDLE_IDENTIFIER = com.Liellison.UOLTestUITests;
				PRODUCT_NAME = "$(TARGET_NAME)";
				SWIFT_VERSION = 5.0;
				TARGETED_DEVICE_FAMILY = "1,2";
				TEST_TARGET_NAME = UOLTest;
			};
			name = Release;
		};
/* End XCBuildConfiguration section */

/* Begin XCConfigurationList section */
		C6EAD4F023D6D41200DCB300 /* Build configuration list for PBXProject "UOLTest" */ = {
			isa = XCConfigurationList;
			buildConfigurations = (
				C6EAD51D23D6D42D00DCB300 /* Debug */,
				C6EAD51E23D6D42D00DCB300 /* Release */,
			);
			defaultConfigurationIsVisible = 0;
			defaultConfigurationName = Release;
		};
		C6EAD51F23D6D42E00DCB300 /* Build configuration list for PBXNativeTarget "UOLTest" */ = {
			isa = XCConfigurationList;
			buildConfigurations = (
				C6EAD52023D6D42E00DCB300 /* Debug */,
				C6EAD52123D6D42E00DCB300 /* Release */,
			);
			defaultConfigurationIsVisible = 0;
			defaultConfigurationName = Release;
		};
		C6EAD52223D6D42E00DCB300 /* Build configuration list for PBXNativeTarget "UOLTestTests" */ = {
			isa = XCConfigurationList;
			buildConfigurations = (
				C6EAD52323D6D42E00DCB300 /* Debug */,
				C6EAD52423D6D42E00DCB300 /* Release */,
			);
			defaultConfigurationIsVisible = 0;
			defaultConfigurationName = Release;
		};
		C6EAD52523D6D42E00DCB300 /* Build configuration list for PBXNativeTarget "UOLTestUITests" */ = {
			isa = XCConfigurationList;
			buildConfigurations = (
				C6EAD52623D6D42E00DCB300 /* Debug */,
				C6EAD52723D6D42E00DCB300 /* Release */,
			);
			defaultConfigurationIsVisible = 0;
			defaultConfigurationName = Release;
		};
/* End XCConfigurationList section */
	};
	rootObject = C6EAD4ED23D6D41200DCB300 /* Project object */;
}
